{
  "lockfile_version": "1",
  "packages": {
    "cmus@2.10.0": {
      "last_modified": "2023-05-01T16:53:22Z",
      "resolved": "github:NixOS/nixpkgs/8670e496ffd093b60e74e7fa53526aa5920d09eb#cmus",
      "version": "2.10.0"
    },
    "elixir-ls@0.14.5": {
      "last_modified": "2023-05-01T16:53:22Z",
      "resolved": "github:NixOS/nixpkgs/8670e496ffd093b60e74e7fa53526aa5920d09eb#elixir-ls",
      "version": "0.14.5"
    },
    "elixir@1.14.4": {
      "last_modified": "2023-05-01T16:53:22Z",
      "resolved": "github:NixOS/nixpkgs/8670e496ffd093b60e74e7fa53526aa5920d09eb#elixir",
      "version": "1.14.4"
    },
    "inotify-tools@latest": {
      "last_modified": "2023-05-01T16:53:22Z",
      "resolved": "github:NixOS/nixpkgs/8670e496ffd093b60e74e7fa53526aa5920d09eb#inotify-tools",
      "version": "3.22.6.0"
    },
    "nodejs@20.0.0": {
      "last_modified": "2023-05-01T16:53:22Z",
      "resolved": "github:NixOS/nixpkgs/8670e496ffd093b60e74e7fa53526aa5920d09eb#nodejs_20",
      "version": "20.0.0"
    },
    "tmux@3.3a": {
      "last_modified": "2023-05-25T03:54:59Z",
      "resolved": "github:NixOS/nixpkgs/8d4d822bc0efa9de6eddc79cb0d82897a9baa750#tmux",
      "version": "3.3a"
    }
  }
}